
Microsoft Visual Studio Solution File, Format Version 12.00
# Visual Studio Version 16
VisualStudioVersion = 16.0.30503.244
MinimumVisualStudioVersion = 10.0.40219.1
Project("{FAE04EC0-301F-11D3-BF4B-00C04F79EFBC}") = "minetestupload", "minetestupload.csproj", "{213B95A5-F738-47FA-A133-912CC7F43611}"
EndProject
Global
	GlobalSection(SolutionConfigurationPlatforms) = preSolution
		Debug|Any CPU = Debug|Any CPU
		Release|Any CPU = Release|Any CPU
	EndGlobalSection
	GlobalSection(ProjectConfigurationPlatforms) = postSolution
		{213B95A5-F738-47FA-A133-912CC7F43611}.Debug|Any CPU.ActiveCfg = Debug|Any CPU
		{213B95A5-F738-47FA-A133-912CC7F43611}.Debug|Any CPU.Build.0 = Debug|Any CPU
		{213B95A5-F738-47FA-A133-912CC7F43611}.Release|Any CPU.ActiveCfg = Release|Any CPU
		{213B95A5-F738-47FA-A133-912CC7F43611}.Release|Any CPU.Build.0 = Release|Any CPU
	EndGlobalSection
	GlobalSection(SolutionProperties) = preSolution
		HideSolutionNode = FALSE
	EndGlobalSection
	GlobalSection(ExtensibilityGlobals) = postSolution
		SolutionGuid = {1A416551-A2BE-45A0-9DB0-0B497FE8FEA1}
	EndGlobalSection
EndGlobal
